
Microsoft Visual Studio Solution File, Format Version 12.00
# Visual Studio 15
VisualStudioVersion = 15.0.28307.329
MinimumVisualStudioVersion = 10.0.40219.1
Project("{FAE04EC0-301F-11D3-BF4B-00C04F79EFBC}") = "02SikiidmokTerulete", "02SikiidmokTerulete\02SikiidmokTerulete.csproj", "{96F627A8-00B6-448E-B2B3-3AF211385F92}"
EndProject
Global
	GlobalSection(SolutionConfigurationPlatforms) = preSolution
		Debug|Any CPU = Debug|Any CPU
		Release|Any CPU = Release|Any CPU
	EndGlobalSection
	GlobalSection(ProjectConfigurationPlatforms) = postSolution
		{96F627A8-00B6-448E-B2B3-3AF211385F92}.Debug|Any CPU.ActiveCfg = Debug|Any CPU
		{96F627A8-00B6-448E-B2B3-3AF211385F92}.Debug|Any CPU.Build.0 = Debug|Any CPU
		{96F627A8-00B6-448E-B2B3-3AF211385F92}.Release|Any CPU.ActiveCfg = Release|Any CPU
		{96F627A8-00B6-448E-B2B3-3AF211385F92}.Release|Any CPU.Build.0 = Release|Any CPU
	EndGlobalSection
	GlobalSection(SolutionProperties) = preSolution
		HideSolutionNode = FALSE
	EndGlobalSection
	GlobalSection(ExtensibilityGlobals) = postSolution
		SolutionGuid = {0D67AC36-1186-48F3-A9DE-29F8FD35DCFA}
	EndGlobalSection
EndGlobal
